
Microsoft Visual Studio Solution File, Format Version 12.00
# Visual Studio Version 16
VisualStudioVersion = 16.0.31410.357
MinimumVisualStudioVersion = 10.0.40219.1
Project("{FAE04EC0-301F-11D3-BF4B-00C04F79EFBC}") = "UD9E2", "UD9E2\UD9E2.csproj", "{251DA7F5-3176-41C9-B056-1C5F115EC693}"
EndProject
Global
	GlobalSection(SolutionConfigurationPlatforms) = preSolution
		Debug|Any CPU = Debug|Any CPU
		Release|Any CPU = Release|Any CPU
	EndGlobalSection
	GlobalSection(ProjectConfigurationPlatforms) = postSolution
		{251DA7F5-3176-41C9-B056-1C5F115EC693}.Debug|Any CPU.ActiveCfg = Debug|Any CPU
		{251DA7F5-3176-41C9-B056-1C5F115EC693}.Debug|Any CPU.Build.0 = Debug|Any CPU
		{251DA7F5-3176-41C9-B056-1C5F115EC693}.Release|Any CPU.ActiveCfg = Release|Any CPU
		{251DA7F5-3176-41C9-B056-1C5F115EC693}.Release|Any CPU.Build.0 = Release|Any CPU
	EndGlobalSection
	GlobalSection(SolutionProperties) = preSolution
		HideSolutionNode = FALSE
	EndGlobalSection
	GlobalSection(ExtensibilityGlobals) = postSolution
		SolutionGuid = {67E003F7-7DA0-4B2E-AD30-1CB1260859B0}
	EndGlobalSection
EndGlobal
